
Microsoft Visual Studio Solution File, Format Version 12.00
# Visual Studio Version 17
VisualStudioVersion = 17.0.31903.59
MinimumVisualStudioVersion = 10.0.40219.1
Project("{FAE04EC0-301F-11D3-BF4B-00C04F79EFBC}") = "CarRental.Domain", "CarRental.Domain\CarRental.Domain.csproj", "{4F8165FF-0DB1-43B4-A80F-F0C63301C0D9}"
EndProject
Project("{FAE04EC0-301F-11D3-BF4B-00C04F79EFBC}") = "CarRental.Tests", "CarRental.Tests\CarRental.Tests.csproj", "{A7760E41-DE1A-409E-B9C7-10FC26E6D263}"
EndProject
Project("{FAE04EC0-301F-11D3-BF4B-00C04F79EFBC}") = "CarRental.InMemory", "CarRental.InMemory\CarRental.InMemory.csproj", "{16290391-9DCA-494E-AA4F-426D72380216}"
EndProject
Project("{FAE04EC0-301F-11D3-BF4B-00C04F79EFBC}") = "CarRental.Application.Contracts", "CarRental.Contracts\CarRental.Application.Contracts.csproj", "{59E934DB-2FC2-4E22-8518-398289E1C328}"
EndProject
Project("{FAE04EC0-301F-11D3-BF4B-00C04F79EFBC}") = "CarRental.Application", "CarRental.Application\CarRental.Application.csproj", "{313C2AF4-EC86-4D10-B3E0-58D214B5296A}"
EndProject
Project("{FAE04EC0-301F-11D3-BF4B-00C04F79EFBC}") = "CarRental.Api.Host", "CarRental.Api.Host\CarRental.Api.Host.csproj", "{F42EB3B0-5A88-4B4F-85E3-A28CC24C6A46}"
EndProject
Project("{FAE04EC0-301F-11D3-BF4B-00C04F79EFBC}") = "CarRental.EFCore", "CarRental.EFCore\CarRental.EFCore.csproj", "{2C21BCF9-BD5E-43C2-8ABF-23019BFADEE6}"
EndProject
Global
	GlobalSection(SolutionConfigurationPlatforms) = preSolution
		Debug|Any CPU = Debug|Any CPU
		Release|Any CPU = Release|Any CPU
	EndGlobalSection
	GlobalSection(ProjectConfigurationPlatforms) = postSolution
		{4F8165FF-0DB1-43B4-A80F-F0C63301C0D9}.Debug|Any CPU.ActiveCfg = Debug|Any CPU
		{4F8165FF-0DB1-43B4-A80F-F0C63301C0D9}.Debug|Any CPU.Build.0 = Debug|Any CPU
		{4F8165FF-0DB1-43B4-A80F-F0C63301C0D9}.Release|Any CPU.ActiveCfg = Release|Any CPU
		{4F8165FF-0DB1-43B4-A80F-F0C63301C0D9}.Release|Any CPU.Build.0 = Release|Any CPU
		{A7760E41-DE1A-409E-B9C7-10FC26E6D263}.Debug|Any CPU.ActiveCfg = Debug|Any CPU
		{A7760E41-DE1A-409E-B9C7-10FC26E6D263}.Debug|Any CPU.Build.0 = Debug|Any CPU
		{A7760E41-DE1A-409E-B9C7-10FC26E6D263}.Release|Any CPU.ActiveCfg = Release|Any CPU
		{A7760E41-DE1A-409E-B9C7-10FC26E6D263}.Release|Any CPU.Build.0 = Release|Any CPU
		{16290391-9DCA-494E-AA4F-426D72380216}.Debug|Any CPU.ActiveCfg = Debug|Any CPU
		{16290391-9DCA-494E-AA4F-426D72380216}.Debug|Any CPU.Build.0 = Debug|Any CPU
		{16290391-9DCA-494E-AA4F-426D72380216}.Release|Any CPU.ActiveCfg = Release|Any CPU
		{16290391-9DCA-494E-AA4F-426D72380216}.Release|Any CPU.Build.0 = Release|Any CPU
		{59E934DB-2FC2-4E22-8518-398289E1C328}.Debug|Any CPU.ActiveCfg = Debug|Any CPU
		{59E934DB-2FC2-4E22-8518-398289E1C328}.Debug|Any CPU.Build.0 = Debug|Any CPU
		{59E934DB-2FC2-4E22-8518-398289E1C328}.Release|Any CPU.ActiveCfg = Release|Any CPU
		{59E934DB-2FC2-4E22-8518-398289E1C328}.Release|Any CPU.Build.0 = Release|Any CPU
		{313C2AF4-EC86-4D10-B3E0-58D214B5296A}.Debug|Any CPU.ActiveCfg = Debug|Any CPU
		{313C2AF4-EC86-4D10-B3E0-58D214B5296A}.Debug|Any CPU.Build.0 = Debug|Any CPU
		{313C2AF4-EC86-4D10-B3E0-58D214B5296A}.Release|Any CPU.ActiveCfg = Release|Any CPU
		{313C2AF4-EC86-4D10-B3E0-58D214B5296A}.Release|Any CPU.Build.0 = Release|Any CPU
		{F42EB3B0-5A88-4B4F-85E3-A28CC24C6A46}.Debug|Any CPU.ActiveCfg = Debug|Any CPU
		{F42EB3B0-5A88-4B4F-85E3-A28CC24C6A46}.Debug|Any CPU.Build.0 = Debug|Any CPU
		{F42EB3B0-5A88-4B4F-85E3-A28CC24C6A46}.Release|Any CPU.ActiveCfg = Release|Any CPU
		{F42EB3B0-5A88-4B4F-85E3-A28CC24C6A46}.Release|Any CPU.Build.0 = Release|Any CPU
		{2C21BCF9-BD5E-43C2-8ABF-23019BFADEE6}.Debug|Any CPU.ActiveCfg = Debug|Any CPU
		{2C21BCF9-BD5E-43C2-8ABF-23019BFADEE6}.Debug|Any CPU.Build.0 = Debug|Any CPU
		{2C21BCF9-BD5E-43C2-8ABF-23019BFADEE6}.Release|Any CPU.ActiveCfg = Release|Any CPU
		{2C21BCF9-BD5E-43C2-8ABF-23019BFADEE6}.Release|Any CPU.Build.0 = Release|Any CPU
	EndGlobalSection
	GlobalSection(SolutionProperties) = preSolution
		HideSolutionNode = FALSE
	EndGlobalSection
	GlobalSection(ExtensibilityGlobals) = postSolution
		SolutionGuid = {9B179097-94BC-4D55-8279-5380AEE831B5}
	EndGlobalSection
EndGlobal
